{
  "requires": true,
  "lockfileVersion": 1,
  "dependencies": {
    "foundation-sites": {
      "version": "6.7.5",
      "resolved": "https://registry.npmjs.org/foundation-sites/-/foundation-sites-6.7.5.tgz",
      "integrity": "sha512-MEjAENdF/IV2XQvlQmg20o+iDTyyWu0N/j440e8fKbEylbKxARzgg5S7vcnxtjukC1Lqg+rRm7ZDSSyGhVVoUQ=="
    }
    }
  }
